
Microsoft Visual Studio Solution File, Format Version 12.00
# Visual Studio 2013
VisualStudioVersion = 12.0.31101.0
MinimumVisualStudioVersion = 10.0.40219.1
Project("{8BC9CEB8-8B4A-11D0-8D11-00A0C91BC942}") = "TC_BADNEIGHBOURS", "TC_BADNEIGHBOURS\TC_BADNEIGHBOURS.vcxproj", "{9A6AB890-13EA-4F67-A68C-4E98E93CB83F}"
EndProject
Global
	GlobalSection(SolutionConfigurationPlatforms) = preSolution
		Debug|Win32 = Debug|Win32
		Release|Win32 = Release|Win32
	EndGlobalSection
	GlobalSection(ProjectConfigurationPlatforms) = postSolution
		{9A6AB890-13EA-4F67-A68C-4E98E93CB83F}.Debug|Win32.ActiveCfg = Debug|Win32
		{9A6AB890-13EA-4F67-A68C-4E98E93CB83F}.Debug|Win32.Build.0 = Debug|Win32
		{9A6AB890-13EA-4F67-A68C-4E98E93CB83F}.Release|Win32.ActiveCfg = Release|Win32
		{9A6AB890-13EA-4F67-A68C-4E98E93CB83F}.Release|Win32.Build.0 = Release|Win32
	EndGlobalSection
	GlobalSection(SolutionProperties) = preSolution
		HideSolutionNode = FALSE
	EndGlobalSection
EndGlobal
